
Microsoft Visual Studio Solution File, Format Version 12.00
# Visual Studio Version 17
VisualStudioVersion = 17.6.33712.159
MinimumVisualStudioVersion = 10.0.40219.1
Project("{9A19103F-16F7-4668-BE54-9A1E7A4F7556}") = "eTrade", "eTrade\eTrade.csproj", "{A8C281FA-5BDA-45DC-8551-9EADEE99F39D}"
EndProject
Project("{2150E333-8FDC-42A3-9474-1A3956D46DE8}") = "Solution Items", "Solution Items", "{274B0649-2E9F-4B1E-A88E-77DDD9429560}"
	ProjectSection(SolutionItems) = preProject
		.editorconfig = .editorconfig
	EndProjectSection
EndProject
Global
	GlobalSection(SolutionConfigurationPlatforms) = preSolution
		Debug|Any CPU = Debug|Any CPU
		Release|Any CPU = Release|Any CPU
	EndGlobalSection
	GlobalSection(ProjectConfigurationPlatforms) = postSolution
		{A8C281FA-5BDA-45DC-8551-9EADEE99F39D}.Debug|Any CPU.ActiveCfg = Debug|Any CPU
		{A8C281FA-5BDA-45DC-8551-9EADEE99F39D}.Debug|Any CPU.Build.0 = Debug|Any CPU
		{A8C281FA-5BDA-45DC-8551-9EADEE99F39D}.Release|Any CPU.ActiveCfg = Release|Any CPU
		{A8C281FA-5BDA-45DC-8551-9EADEE99F39D}.Release|Any CPU.Build.0 = Release|Any CPU
	EndGlobalSection
	GlobalSection(SolutionProperties) = preSolution
		HideSolutionNode = FALSE
	EndGlobalSection
	GlobalSection(ExtensibilityGlobals) = postSolution
		SolutionGuid = {059FBC4D-940C-423C-9C58-FAD088016CB4}
	EndGlobalSection
EndGlobal
